{
  "name": "@imooc-ws-cli-dev/package",
  "version": "0.0.7",
  "lockfileVersion": 2,
  "requires": true,
  "packages": {
    "": {
      "name": "@imooc-ws-cli-dev/package",
      "version": "0.0.7",
      "license": "ISC",
      "dependencies": {
        "@imooc-ws-cli-dev/log": "file:../../utils/log",
        "@imooc-ws-cli-dev/utils": "file:../../utils/utils"
      }
    },
    "../../utils/log": {
      "version": "0.0.7",
      "license": "ISC",
      "dependencies": {
        "npmlog": "^7.0.1"
      }
    },
    "../../utils/utils": {
      "version": "0.0.7",
      "license": "ISC"
    },
    "node_modules/@imooc-ws-cli-dev/log": {
      "resolved": "../../utils/log",
      "link": true
    },
    "node_modules/@imooc-ws-cli-dev/utils": {
      "resolved": "../../utils/utils",
      "link": true
    }
  },
  "dependencies": {
    "@imooc-ws-cli-dev/log": {
      "version": "file:../../utils/log",
      "requires": {
        "npmlog": "^7.0.1"
      }
    },
    "@imooc-ws-cli-dev/utils": {
      "version": "file:../../utils/utils"
    }
  }
}
